
Microsoft Visual Studio Solution File, Format Version 12.00
# Visual Studio 15
VisualStudioVersion = 15.0.28010.2048
MinimumVisualStudioVersion = 10.0.40219.1
Project("{9092AA53-FB77-4645-B42D-1CCCA6BD08BD}") = "NodejsApiQueue", "NodejsApiQueue\NodejsApiQueue.njsproj", "{13CA2009-5D64-4710-94D0-CAB95DA397C2}"
EndProject
Project("{2150E333-8FDC-42A3-9474-1A3956D46DE8}") = "Solution Items", "Solution Items", "{05FC88AF-6890-4E33-89A2-03F341744986}"
	ProjectSection(SolutionItems) = preProject
		README.md = README.md
	EndProjectSection
EndProject
Global
	GlobalSection(SolutionConfigurationPlatforms) = preSolution
		Debug|Any CPU = Debug|Any CPU
		Release|Any CPU = Release|Any CPU
	EndGlobalSection
	GlobalSection(ProjectConfigurationPlatforms) = postSolution
		{13CA2009-5D64-4710-94D0-CAB95DA397C2}.Debug|Any CPU.ActiveCfg = Debug|Any CPU
		{13CA2009-5D64-4710-94D0-CAB95DA397C2}.Debug|Any CPU.Build.0 = Debug|Any CPU
		{13CA2009-5D64-4710-94D0-CAB95DA397C2}.Release|Any CPU.ActiveCfg = Release|Any CPU
		{13CA2009-5D64-4710-94D0-CAB95DA397C2}.Release|Any CPU.Build.0 = Release|Any CPU
	EndGlobalSection
	GlobalSection(SolutionProperties) = preSolution
		HideSolutionNode = FALSE
	EndGlobalSection
	GlobalSection(ExtensibilityGlobals) = postSolution
		SolutionGuid = {0624BD62-AD6C-4B70-9141-010A51088290}
	EndGlobalSection
EndGlobal
